
Microsoft Visual Studio Solution File, Format Version 12.00
# Visual Studio 15
VisualStudioVersion = 15.0.28307.168
MinimumVisualStudioVersion = 10.0.40219.1
Project("{FAE04EC0-301F-11D3-BF4B-00C04F79EFBC}") = "ThunderScoutsApp.Android", "ThunderScoutsApp\ThunderScoutsApp.Android\ThunderScoutsApp.Android.csproj", "{59147FE1-7E48-4CF4-9F96-D9CEC3A54B4A}"
EndProject
Project("{FAE04EC0-301F-11D3-BF4B-00C04F79EFBC}") = "ThunderScoutsApp.iOS", "ThunderScoutsApp\ThunderScoutsApp.iOS\ThunderScoutsApp.iOS.csproj", "{A4CF7F40-AEC9-4773-9498-7F903E6ED901}"
EndProject
Project("{FAE04EC0-301F-11D3-BF4B-00C04F79EFBC}") = "ThunderScoutsApp", "ThunderScoutsApp\ThunderScoutsApp\ThunderScoutsApp.csproj", "{9A4C51D2-0063-4EBD-8E4E-2973100C9E99}"
EndProject
Global
	GlobalSection(SolutionConfigurationPlatforms) = preSolution
		Ad-Hoc|Any CPU = Ad-Hoc|Any CPU
		Ad-Hoc|iPhone = Ad-Hoc|iPhone
		Ad-Hoc|iPhoneSimulator = Ad-Hoc|iPhoneSimulator
		AppStore|Any CPU = AppStore|Any CPU
		AppStore|iPhone = AppStore|iPhone
		AppStore|iPhoneSimulator = AppStore|iPhoneSimulator
		Debug|Any CPU = Debug|Any CPU
		Debug|iPhone = Debug|iPhone
		Debug|iPhoneSimulator = Debug|iPhoneSimulator
		Release|Any CPU = Release|Any CPU
		Release|iPhone = Release|iPhone
		Release|iPhoneSimulator = Release|iPhoneSimulator
	EndGlobalSection
	GlobalSection(ProjectConfigurationPlatforms) = postSolution
		{59147FE1-7E48-4CF4-9F96-D9CEC3A54B4A}.Ad-Hoc|Any CPU.ActiveCfg = Release|Any CPU
		{59147FE1-7E48-4CF4-9F96-D9CEC3A54B4A}.Ad-Hoc|Any CPU.Build.0 = Release|Any CPU
		{59147FE1-7E48-4CF4-9F96-D9CEC3A54B4A}.Ad-Hoc|Any CPU.Deploy.0 = Release|Any CPU
		{59147FE1-7E48-4CF4-9F96-D9CEC3A54B4A}.Ad-Hoc|iPhone.ActiveCfg = Release|Any CPU
		{59147FE1-7E48-4CF4-9F96-D9CEC3A54B4A}.Ad-Hoc|iPhone.Build.0 = Release|Any CPU
		{59147FE1-7E48-4CF4-9F96-D9CEC3A54B4A}.Ad-Hoc|iPhone.Deploy.0 = Release|Any CPU
		{59147FE1-7E48-4CF4-9F96-D9CEC3A54B4A}.Ad-Hoc|iPhoneSimulator.ActiveCfg = Release|Any CPU
		{59147FE1-7E48-4CF4-9F96-D9CEC3A54B4A}.Ad-Hoc|iPhoneSimulator.Build.0 = Release|Any CPU
		{59147FE1-7E48-4CF4-9F96-D9CEC3A54B4A}.Ad-Hoc|iPhoneSimulator.Deploy.0 = Release|Any CPU
		{59147FE1-7E48-4CF4-9F96-D9CEC3A54B4A}.AppStore|Any CPU.ActiveCfg = Release|Any CPU
		{59147FE1-7E48-4CF4-9F96-D9CEC3A54B4A}.AppStore|Any CPU.Build.0 = Release|Any CPU
		{59147FE1-7E48-4CF4-9F96-D9CEC3A54B4A}.AppStore|Any CPU.Deploy.0 = Release|Any CPU
		{59147FE1-7E48-4CF4-9F96-D9CEC3A54B4A}.AppStore|iPhone.ActiveCfg = Release|Any CPU
		{59147FE1-7E48-4CF4-9F96-D9CEC3A54B4A}.AppStore|iPhone.Build.0 = Release|Any CPU
		{59147FE1-7E48-4CF4-9F96-D9CEC3A54B4A}.AppStore|iPhone.Deploy.0 = Release|Any CPU
		{59147FE1-7E48-4CF4-9F96-D9CEC3A54B4A}.AppStore|iPhoneSimulator.ActiveCfg = Release|Any CPU
		{59147FE1-7E48-4CF4-9F96-D9CEC3A54B4A}.AppStore|iPhoneSimulator.Build.0 = Release|Any CPU
		{59147FE1-7E48-4CF4-9F96-D9CEC3A54B4A}.AppStore|iPhoneSimulator.Deploy.0 = Release|Any CPU
		{59147FE1-7E48-4CF4-9F96-D9CEC3A54B4A}.Debug|Any CPU.ActiveCfg = Debug|Any CPU
		{59147FE1-7E48-4CF4-9F96-D9CEC3A54B4A}.Debug|Any CPU.Build.0 = Debug|Any CPU
		{59147FE1-7E48-4CF4-9F96-D9CEC3A54B4A}.Debug|Any CPU.Deploy.0 = Debug|Any CPU
		{59147FE1-7E48-4CF4-9F96-D9CEC3A54B4A}.Debug|iPhone.ActiveCfg = Debug|Any CPU
		{59147FE1-7E48-4CF4-9F96-D9CEC3A54B4A}.Debug|iPhone.Build.0 = Debug|Any CPU
		{59147FE1-7E48-4CF4-9F96-D9CEC3A54B4A}.Debug|iPhone.Deploy.0 = Debug|Any CPU
		{59147FE1-7E48-4CF4-9F96-D9CEC3A54B4A}.Debug|iPhoneSimulator.ActiveCfg = Debug|Any CPU
		{59147FE1-7E48-4CF4-9F96-D9CEC3A54B4A}.Debug|iPhoneSimulator.Build.0 = Debug|Any CPU
		{59147FE1-7E48-4CF4-9F96-D9CEC3A54B4A}.Debug|iPhoneSimulator.Deploy.0 = Debug|Any CPU
		{59147FE1-7E48-4CF4-9F96-D9CEC3A54B4A}.Release|Any CPU.ActiveCfg = Release|Any CPU
		{59147FE1-7E48-4CF4-9F96-D9CEC3A54B4A}.Release|Any CPU.Build.0 = Release|Any CPU
		{59147FE1-7E48-4CF4-9F96-D9CEC3A54B4A}.Release|Any CPU.Deploy.0 = Release|Any CPU
		{59147FE1-7E48-4CF4-9F96-D9CEC3A54B4A}.Release|iPhone.ActiveCfg = Release|Any CPU
		{59147FE1-7E48-4CF4-9F96-D9CEC3A54B4A}.Release|iPhone.Build.0 = Release|Any CPU
		{59147FE1-7E48-4CF4-9F96-D9CEC3A54B4A}.Release|iPhone.Deploy.0 = Release|Any CPU
		{59147FE1-7E48-4CF4-9F96-D9CEC3A54B4A}.Release|iPhoneSimulator.ActiveCfg = Release|Any CPU
		{59147FE1-7E48-4CF4-9F96-D9CEC3A54B4A}.Release|iPhoneSimulator.Build.0 = Release|Any CPU
		{59147FE1-7E48-4CF4-9F96-D9CEC3A54B4A}.Release|iPhoneSimulator.Deploy.0 = Release|Any CPU
		{A4CF7F40-AEC9-4773-9498-7F903E6ED901}.Ad-Hoc|Any CPU.ActiveCfg = Ad-Hoc|iPhone
		{A4CF7F40-AEC9-4773-9498-7F903E6ED901}.Ad-Hoc|Any CPU.Build.0 = Ad-Hoc|iPhone
		{A4CF7F40-AEC9-4773-9498-7F903E6ED901}.Ad-Hoc|Any CPU.Deploy.0 = Ad-Hoc|iPhone
		{A4CF7F40-AEC9-4773-9498-7F903E6ED901}.Ad-Hoc|iPhone.ActiveCfg = Ad-Hoc|iPhone
		{A4CF7F40-AEC9-4773-9498-7F903E6ED901}.Ad-Hoc|iPhone.Build.0 = Ad-Hoc|iPhone
		{A4CF7F40-AEC9-4773-9498-7F903E6ED901}.Ad-Hoc|iPhone.Deploy.0 = Ad-Hoc|iPhone
		{A4CF7F40-AEC9-4773-9498-7F903E6ED901}.Ad-Hoc|iPhoneSimulator.ActiveCfg = Ad-Hoc|iPhoneSimulator
		{A4CF7F40-AEC9-4773-9498-7F903E6ED901}.Ad-Hoc|iPhoneSimulator.Build.0 = Ad-Hoc|iPhoneSimulator
		{A4CF7F40-AEC9-4773-9498-7F903E6ED901}.Ad-Hoc|iPhoneSimulator.Deploy.0 = Ad-Hoc|iPhoneSimulator
		{A4CF7F40-AEC9-4773-9498-7F903E6ED901}.AppStore|Any CPU.ActiveCfg = AppStore|iPhone
		{A4CF7F40-AEC9-4773-9498-7F903E6ED901}.AppStore|Any CPU.Build.0 = AppStore|iPhone
		{A4CF7F40-AEC9-4773-9498-7F903E6ED901}.AppStore|Any CPU.Deploy.0 = AppStore|iPhone
		{A4CF7F40-AEC9-4773-9498-7F903E6ED901}.AppStore|iPhone.ActiveCfg = AppStore|iPhone
		{A4CF7F40-AEC9-4773-9498-7F903E6ED901}.AppStore|iPhone.Build.0 = AppStore|iPhone
		{A4CF7F40-AEC9-4773-9498-7F903E6ED901}.AppStore|iPhone.Deploy.0 = AppStore|iPhone
		{A4CF7F40-AEC9-4773-9498-7F903E6ED901}.AppStore|iPhoneSimulator.ActiveCfg = AppStore|iPhoneSimulator
		{A4CF7F40-AEC9-4773-9498-7F903E6ED901}.AppStore|iPhoneSimulator.Build.0 = AppStore|iPhoneSimulator
		{A4CF7F40-AEC9-4773-9498-7F903E6ED901}.AppStore|iPhoneSimulator.Deploy.0 = AppStore|iPhoneSimulator
		{A4CF7F40-AEC9-4773-9498-7F903E6ED901}.Debug|Any CPU.ActiveCfg = Debug|iPhoneSimulator
		{A4CF7F40-AEC9-4773-9498-7F903E6ED901}.Debug|Any CPU.Build.0 = Debug|iPhoneSimulator
		{A4CF7F40-AEC9-4773-9498-7F903E6ED901}.Debug|Any CPU.Deploy.0 = Debug|iPhoneSimulator
		{A4CF7F40-AEC9-4773-9498-7F903E6ED901}.Debug|iPhone.ActiveCfg = Debug|iPhone
		{A4CF7F40-AEC9-4773-9498-7F903E6ED901}.Debug|iPhone.Build.0 = Debug|iPhone
		{A4CF7F40-AEC9-4773-9498-7F903E6ED901}.Debug|iPhone.Deploy.0 = Debug|iPhone
		{A4CF7F40-AEC9-4773-9498-7F903E6ED901}.Debug|iPhoneSimulator.ActiveCfg = Debug|iPhoneSimulator
		{A4CF7F40-AEC9-4773-9498-7F903E6ED901}.Debug|iPhoneSimulator.Build.0 = Debug|iPhoneSimulator
		{A4CF7F40-AEC9-4773-9498-7F903E6ED901}.Debug|iPhoneSimulator.Deploy.0 = Debug|iPhoneSimulator
		{A4CF7F40-AEC9-4773-9498-7F903E6ED901}.Release|Any CPU.ActiveCfg = Release|iPhone
		{A4CF7F40-AEC9-4773-9498-7F903E6ED901}.Release|Any CPU.Build.0 = Release|iPhone
		{A4CF7F40-AEC9-4773-9498-7F903E6ED901}.Release|Any CPU.Deploy.0 = Release|iPhone
		{A4CF7F40-AEC9-4773-9498-7F903E6ED901}.Release|iPhone.ActiveCfg = Release|iPhone
		{A4CF7F40-AEC9-4773-9498-7F903E6ED901}.Release|iPhone.Build.0 = Release|iPhone
		{A4CF7F40-AEC9-4773-9498-7F903E6ED901}.Release|iPhone.Deploy.0 = Release|iPhone
		{A4CF7F40-AEC9-4773-9498-7F903E6ED901}.Release|iPhoneSimulator.ActiveCfg = Release|iPhoneSimulator
		{A4CF7F40-AEC9-4773-9498-7F903E6ED901}.Release|iPhoneSimulator.Build.0 = Release|iPhoneSimulator
		{A4CF7F40-AEC9-4773-9498-7F903E6ED901}.Release|iPhoneSimulator.Deploy.0 = Release|iPhoneSimulator
		{9A4C51D2-0063-4EBD-8E4E-2973100C9E99}.Ad-Hoc|Any CPU.ActiveCfg = Debug|Any CPU
		{9A4C51D2-0063-4EBD-8E4E-2973100C9E99}.Ad-Hoc|Any CPU.Build.0 = Debug|Any CPU
		{9A4C51D2-0063-4EBD-8E4E-2973100C9E99}.Ad-Hoc|Any CPU.Deploy.0 = Debug|Any CPU
		{9A4C51D2-0063-4EBD-8E4E-2973100C9E99}.Ad-Hoc|iPhone.ActiveCfg = Debug|Any CPU
		{9A4C51D2-0063-4EBD-8E4E-2973100C9E99}.Ad-Hoc|iPhone.Build.0 = Debug|Any CPU
		{9A4C51D2-0063-4EBD-8E4E-2973100C9E99}.Ad-Hoc|iPhone.Deploy.0 = Debug|Any CPU
		{9A4C51D2-0063-4EBD-8E4E-2973100C9E99}.Ad-Hoc|iPhoneSimulator.ActiveCfg = Debug|Any CPU
		{9A4C51D2-0063-4EBD-8E4E-2973100C9E99}.Ad-Hoc|iPhoneSimulator.Build.0 = Debug|Any CPU
		{9A4C51D2-0063-4EBD-8E4E-2973100C9E99}.Ad-Hoc|iPhoneSimulator.Deploy.0 = Debug|Any CPU
		{9A4C51D2-0063-4EBD-8E4E-2973100C9E99}.AppStore|Any CPU.ActiveCfg = Debug|Any CPU
		{9A4C51D2-0063-4EBD-8E4E-2973100C9E99}.AppStore|Any CPU.Build.0 = Debug|Any CPU
		{9A4C51D2-0063-4EBD-8E4E-2973100C9E99}.AppStore|Any CPU.Deploy.0 = Debug|Any CPU
		{9A4C51D2-0063-4EBD-8E4E-2973100C9E99}.AppStore|iPhone.ActiveCfg = Debug|Any CPU
		{9A4C51D2-0063-4EBD-8E4E-2973100C9E99}.AppStore|iPhone.Build.0 = Debug|Any CPU
		{9A4C51D2-0063-4EBD-8E4E-2973100C9E99}.AppStore|iPhone.Deploy.0 = Debug|Any CPU
		{9A4C51D2-0063-4EBD-8E4E-2973100C9E99}.AppStore|iPhoneSimulator.ActiveCfg = Debug|Any CPU
		{9A4C51D2-0063-4EBD-8E4E-2973100C9E99}.AppStore|iPhoneSimulator.Build.0 = Debug|Any CPU
		{9A4C51D2-0063-4EBD-8E4E-2973100C9E99}.AppStore|iPhoneSimulator.Deploy.0 = Debug|Any CPU
		{9A4C51D2-0063-4EBD-8E4E-2973100C9E99}.Debug|Any CPU.ActiveCfg = Debug|Any CPU
		{9A4C51D2-0063-4EBD-8E4E-2973100C9E99}.Debug|Any CPU.Build.0 = Debug|Any CPU
		{9A4C51D2-0063-4EBD-8E4E-2973100C9E99}.Debug|Any CPU.Deploy.0 = Debug|Any CPU
		{9A4C51D2-0063-4EBD-8E4E-2973100C9E99}.Debug|iPhone.ActiveCfg = Debug|Any CPU
		{9A4C51D2-0063-4EBD-8E4E-2973100C9E99}.Debug|iPhone.Build.0 = Debug|Any CPU
		{9A4C51D2-0063-4EBD-8E4E-2973100C9E99}.Debug|iPhone.Deploy.0 = Debug|Any CPU
		{9A4C51D2-0063-4EBD-8E4E-2973100C9E99}.Debug|iPhoneSimulator.ActiveCfg = Debug|Any CPU
		{9A4C51D2-0063-4EBD-8E4E-2973100C9E99}.Debug|iPhoneSimulator.Build.0 = Debug|Any CPU
		{9A4C51D2-0063-4EBD-8E4E-2973100C9E99}.Debug|iPhoneSimulator.Deploy.0 = Debug|Any CPU
		{9A4C51D2-0063-4EBD-8E4E-2973100C9E99}.Release|Any CPU.ActiveCfg = Release|Any CPU
		{9A4C51D2-0063-4EBD-8E4E-2973100C9E99}.Release|Any CPU.Build.0 = Release|Any CPU
		{9A4C51D2-0063-4EBD-8E4E-2973100C9E99}.Release|Any CPU.Deploy.0 = Release|Any CPU
		{9A4C51D2-0063-4EBD-8E4E-2973100C9E99}.Release|iPhone.ActiveCfg = Release|Any CPU
		{9A4C51D2-0063-4EBD-8E4E-2973100C9E99}.Release|iPhone.Build.0 = Release|Any CPU
		{9A4C51D2-0063-4EBD-8E4E-2973100C9E99}.Release|iPhone.Deploy.0 = Release|Any CPU
		{9A4C51D2-0063-4EBD-8E4E-2973100C9E99}.Release|iPhoneSimulator.ActiveCfg = Release|Any CPU
		{9A4C51D2-0063-4EBD-8E4E-2973100C9E99}.Release|iPhoneSimulator.Build.0 = Release|Any CPU
		{9A4C51D2-0063-4EBD-8E4E-2973100C9E99}.Release|iPhoneSimulator.Deploy.0 = Release|Any CPU
	EndGlobalSection
	GlobalSection(SolutionProperties) = preSolution
		HideSolutionNode = FALSE
	EndGlobalSection
	GlobalSection(ExtensibilityGlobals) = postSolution
		SolutionGuid = {1A3F6A66-FDB3-4C5B-ACAC-0B68C8910D9E}
	EndGlobalSection
EndGlobal
